// !$*UTF8*$!
{
	archiveVersion = 1;
	classes = {
	};
	objectVersion = 46;
	objects = {

/* Begin PBXBuildFile section */
		89146E7C1C8A114E00EC8F10 /* Driver.swift in Sources */ = {isa = PBXBuildFile; fileRef = 89146E7A1C8A114E00EC8F10 /* Driver.swift */; };
		89146E7D1C8A114E00EC8F10 /* main.swift in Sources */ = {isa = PBXBuildFile; fileRef = 89146E7B1C8A114E00EC8F10 /* main.swift */; };
		89146E7F1C8A115900EC8F10 /* DriverSpec.swift in Sources */ = {isa = PBXBuildFile; fileRef = 89146E7E1C8A115900EC8F10 /* DriverSpec.swift */; };
		8963B5031C8A125E0061F68E /* Nimble.framework in Embed Frameworks */ = {isa = PBXBuildFile; fileRef = 8963B5011C8A125E0061F68E /* Nimble.framework */; settings = {ATTRIBUTES = (CodeSignOnCopy, RemoveHeadersOnCopy, ); }; };
		8963B5041C8A125E0061F68E /* Quick.framework in Embed Frameworks */ = {isa = PBXBuildFile; fileRef = 8963B5021C8A125E0061F68E /* Quick.framework */; settings = {ATTRIBUTES = (CodeSignOnCopy, RemoveHeadersOnCopy, ); }; };
		8963B5051C8A126C0061F68E /* Nimble.framework in Frameworks */ = {isa = PBXBuildFile; fileRef = 8963B5011C8A125E0061F68E /* Nimble.framework */; };
		8963B5061C8A126C0061F68E /* Quick.framework in Frameworks */ = {isa = PBXBuildFile; fileRef = 8963B5021C8A125E0061F68E /* Quick.framework */; };
		8963B5091C8A13240061F68E /* FakeFirmata.swift in Sources */ = {isa = PBXBuildFile; fileRef = 8963B5081C8A13240061F68E /* FakeFirmata.swift */; };
		8963B50D1C8A15110061F68E /* Math.swift in Sources */ = {isa = PBXBuildFile; fileRef = 8963B50C1C8A15110061F68E /* Math.swift */; };
		8963B5111C8A17A50061F68E /* MathSpec.swift in Sources */ = {isa = PBXBuildFile; fileRef = 8963B5101C8A17A50061F68E /* MathSpec.swift */; };
		8963B5131C8A18A20061F68E /* Types.swift in Sources */ = {isa = PBXBuildFile; fileRef = 8963B5121C8A18A20061F68E /* Types.swift */; };
		8963B5191C8A26C70061F68E /* Firmata.swift in Sources */ = {isa = PBXBuildFile; fileRef = 8963B5181C8A26C70061F68E /* Firmata.swift */; };
		8963B5201C8A62870061F68E /* libfirmata.a in Frameworks */ = {isa = PBXBuildFile; fileRef = 8963B51F1C8A62870061F68E /* libfirmata.a */; };
/* End PBXBuildFile section */

/* Begin PBXContainerItemProxy section */
		89146E6C1C8A103100EC8F10 /* PBXContainerItemProxy */ = {
			isa = PBXContainerItemProxy;
			containerPortal = 89146E541C8A103100EC8F10 /* Project object */;
			proxyType = 1;
			remoteGlobalIDString = 89146E5B1C8A103100EC8F10;
			remoteInfo = Phobos;
		};
/* End PBXContainerItemProxy section */

/* Begin PBXCopyFilesBuildPhase section */
		8963B5001C8A12500061F68E /* Embed Frameworks */ = {
			isa = PBXCopyFilesBuildPhase;
			buildActionMask = 2147483647;
			dstPath = "";
			dstSubfolderSpec = 10;
			files = (
				8963B5031C8A125E0061F68E /* Nimble.framework in Embed Frameworks */,
				8963B5041C8A125E0061F68E /* Quick.framework in Embed Frameworks */,
			);
			name = "Embed Frameworks";
			runOnlyForDeploymentPostprocessing = 0;
		};
/* End PBXCopyFilesBuildPhase section */

/* Begin PBXFileReference section */
		89146E5C1C8A103100EC8F10 /* Phobos.app */ = {isa = PBXFileReference; explicitFileType = wrapper.application; includeInIndex = 0; path = Phobos.app; sourceTree = BUILT_PRODUCTS_DIR; };
		89146E661C8A103100EC8F10 /* Info.plist */ = {isa = PBXFileReference; lastKnownFileType = text.plist.xml; path = Info.plist; sourceTree = "<group>"; };
		89146E6B1C8A103100EC8F10 /* PhobosTests.xctest */ = {isa = PBXFileReference; explicitFileType = wrapper.cfbundle; includeInIndex = 0; path = PhobosTests.xctest; sourceTree = BUILT_PRODUCTS_DIR; };
		89146E7A1C8A114E00EC8F10 /* Driver.swift */ = {isa = PBXFileReference; fileEncoding = 4; lastKnownFileType = sourcecode.swift; path = Driver.swift; sourceTree = "<group>"; };
		89146E7B1C8A114E00EC8F10 /* main.swift */ = {isa = PBXFileReference; fileEncoding = 4; lastKnownFileType = sourcecode.swift; path = main.swift; sourceTree = "<group>"; };
		89146E7E1C8A115900EC8F10 /* DriverSpec.swift */ = {isa = PBXFileReference; fileEncoding = 4; lastKnownFileType = sourcecode.swift; path = DriverSpec.swift; sourceTree = "<group>"; };
		8963B5011C8A125E0061F68E /* Nimble.framework */ = {isa = PBXFileReference; lastKnownFileType = wrapper.framework; name = Nimble.framework; path = Carthage/Build/Mac/Nimble.framework; sourceTree = "<group>"; };
		8963B5021C8A125E0061F68E /* Quick.framework */ = {isa = PBXFileReference; lastKnownFileType = wrapper.framework; name = Quick.framework; path = Carthage/Build/Mac/Quick.framework; sourceTree = "<group>"; };
		8963B5081C8A13240061F68E /* FakeFirmata.swift */ = {isa = PBXFileReference; fileEncoding = 4; lastKnownFileType = sourcecode.swift; path = FakeFirmata.swift; sourceTree = "<group>"; };
		8963B50C1C8A15110061F68E /* Math.swift */ = {isa = PBXFileReference; fileEncoding = 4; lastKnownFileType = sourcecode.swift; path = Math.swift; sourceTree = "<group>"; };
		8963B5101C8A17A50061F68E /* MathSpec.swift */ = {isa = PBXFileReference; fileEncoding = 4; lastKnownFileType = sourcecode.swift; path = MathSpec.swift; sourceTree = "<group>"; };
		8963B5121C8A18A20061F68E /* Types.swift */ = {isa = PBXFileReference; fileEncoding = 4; lastKnownFileType = sourcecode.swift; path = Types.swift; sourceTree = "<group>"; };
		8963B5181C8A26C70061F68E /* Firmata.swift */ = {isa = PBXFileReference; fileEncoding = 4; lastKnownFileType = sourcecode.swift; path = Firmata.swift; sourceTree = "<group>"; };
		8963B51C1C8A626A0061F68E /* firmata.h */ = {isa = PBXFileReference; lastKnownFileType = sourcecode.c.h; name = firmata.h; path = includes/firmata.h; sourceTree = "<group>"; };
		8963B51D1C8A626A0061F68E /* serial.h */ = {isa = PBXFileReference; lastKnownFileType = sourcecode.c.h; name = serial.h; path = includes/serial.h; sourceTree = "<group>"; };
		8963B51E1C8A626A0061F68E /* servo.h */ = {isa = PBXFileReference; lastKnownFileType = sourcecode.c.h; name = servo.h; path = includes/servo.h; sourceTree = "<group>"; };
		8963B51F1C8A62870061F68E /* libfirmata.a */ = {isa = PBXFileReference; lastKnownFileType = archive.ar; path = libfirmata.a; sourceTree = "<group>"; };
		8963B5211C8A628F0061F68E /* Makefile */ = {isa = PBXFileReference; fileEncoding = 4; lastKnownFileType = sourcecode.make; path = Makefile; sourceTree = "<group>"; };
		8963B5241C8A63500061F68E /* module.modulemap */ = {isa = PBXFileReference; lastKnownFileType = "sourcecode.module-map"; path = module.modulemap; sourceTree = "<group>"; };
/* End PBXFileReference section */

/* Begin PBXFrameworksBuildPhase section */
		89146E591C8A103100EC8F10 /* Frameworks */ = {
			isa = PBXFrameworksBuildPhase;
			buildActionMask = 2147483647;
			files = (
				8963B5201C8A62870061F68E /* libfirmata.a in Frameworks */,
			);
			runOnlyForDeploymentPostprocessing = 0;
		};
		89146E681C8A103100EC8F10 /* Frameworks */ = {
			isa = PBXFrameworksBuildPhase;
			buildActionMask = 2147483647;
			files = (
				8963B5051C8A126C0061F68E /* Nimble.framework in Frameworks */,
				8963B5061C8A126C0061F68E /* Quick.framework in Frameworks */,
			);
			runOnlyForDeploymentPostprocessing = 0;
		};
/* End PBXFrameworksBuildPhase section */

/* Begin PBXGroup section */
		89146E531C8A103100EC8F10 = {
			isa = PBXGroup;
			children = (
				8963B4FB1C8A12280061F68E /* Frameworks */,
				8963B51A1C8A5DC30061F68E /* Dependencies */,
				89146E5E1C8A103100EC8F10 /* Sources */,
				89146E6E1C8A103100EC8F10 /* Tests */,
				89146E5D1C8A103100EC8F10 /* Products */,
			);
			sourceTree = "<group>";
		};
		89146E5D1C8A103100EC8F10 /* Products */ = {
			isa = PBXGroup;
			children = (
				89146E5C1C8A103100EC8F10 /* Phobos.app */,
				89146E6B1C8A103100EC8F10 /* PhobosTests.xctest */,
			);
			name = Products;
			sourceTree = "<group>";
		};
		89146E5E1C8A103100EC8F10 /* Sources */ = {
			isa = PBXGroup;
			children = (
				89146E7A1C8A114E00EC8F10 /* Driver.swift */,
				8963B5181C8A26C70061F68E /* Firmata.swift */,
				8963B50C1C8A15110061F68E /* Math.swift */,
				8963B5121C8A18A20061F68E /* Types.swift */,
				89146E7B1C8A114E00EC8F10 /* main.swift */,
				89146E661C8A103100EC8F10 /* Info.plist */,
			);
			path = Sources;
			sourceTree = "<group>";
		};
		89146E6E1C8A103100EC8F10 /* Tests */ = {
			isa = PBXGroup;
			children = (
				89146E7E1C8A115900EC8F10 /* DriverSpec.swift */,
				8963B5101C8A17A50061F68E /* MathSpec.swift */,
				8963B5071C8A13010061F68E /* fakes */,
			);
			path = Tests;
			sourceTree = "<group>";
		};
		8963B4FB1C8A12280061F68E /* Frameworks */ = {
			isa = PBXGroup;
			children = (
				8963B5011C8A125E0061F68E /* Nimble.framework */,
				8963B5021C8A125E0061F68E /* Quick.framework */,
			);
			name = Frameworks;
			sourceTree = "<group>";
		};
		8963B5071C8A13010061F68E /* fakes */ = {
			isa = PBXGroup;
			children = (
				8963B5081C8A13240061F68E /* FakeFirmata.swift */,
			);
			path = fakes;
			sourceTree = "<group>";
		};
		8963B51A1C8A5DC30061F68E /* Dependencies */ = {
			isa = PBXGroup;
			children = (
				8963B51B1C8A623A0061F68E /* CFirmata */,
			);
			name = Dependencies;
			path = Packages;
			sourceTree = "<group>";
		};
		8963B51B1C8A623A0061F68E /* CFirmata */ = {
			isa = PBXGroup;
			children = (
				8963B51C1C8A626A0061F68E /* firmata.h */,
				8963B51D1C8A626A0061F68E /* serial.h */,
				8963B51E1C8A626A0061F68E /* servo.h */,
				8963B51F1C8A62870061F68E /* libfirmata.a */,
				8963B5211C8A628F0061F68E /* Makefile */,
				8963B5241C8A63500061F68E /* module.modulemap */,
			);
			name = CFirmata;
			path = "CFirmata-0.3.0";
			sourceTree = "<group>";
		};
/* End PBXGroup section */

/* Begin PBXNativeTarget section */
		89146E5B1C8A103100EC8F10 /* Phobos */ = {
			isa = PBXNativeTarget;
			buildConfigurationList = 89146E741C8A103100EC8F10 /* Build configuration list for PBXNativeTarget "Phobos" */;
			buildPhases = (
				89146E581C8A103100EC8F10 /* Sources */,
				89146E591C8A103100EC8F10 /* Frameworks */,
				89146E5A1C8A103100EC8F10 /* Resources */,
				8963B5231C8A62960061F68E /* Build CFirmata */,
			);
			buildRules = (
			);
			dependencies = (
			);
			name = Phobos;
			productName = Phobos;
			productReference = 89146E5C1C8A103100EC8F10 /* Phobos.app */;
			productType = "com.apple.product-type.application";
		};
		89146E6A1C8A103100EC8F10 /* PhobosTests */ = {
			isa = PBXNativeTarget;
			buildConfigurationList = 89146E771C8A103100EC8F10 /* Build configuration list for PBXNativeTarget "PhobosTests" */;
			buildPhases = (
				89146E671C8A103100EC8F10 /* Sources */,
				89146E681C8A103100EC8F10 /* Frameworks */,
				89146E691C8A103100EC8F10 /* Resources */,
				8963B5001C8A12500061F68E /* Embed Frameworks */,
			);
			buildRules = (
			);
			dependencies = (
				89146E6D1C8A103100EC8F10 /* PBXTargetDependency */,
			);
			name = PhobosTests;
			productName = PhobosTests;
			productReference = 89146E6B1C8A103100EC8F10 /* PhobosTests.xctest */;
			productType = "com.apple.product-type.bundle.unit-test";
		};
/* End PBXNativeTarget section */

/* Begin PBXProject section */
		89146E541C8A103100EC8F10 /* Project object */ = {
			isa = PBXProject;
			attributes = {
				LastSwiftUpdateCheck = 0720;
				LastUpgradeCheck = 0720;
				ORGANIZATIONNAME = "Rachel Brindle";
				TargetAttributes = {
					89146E5B1C8A103100EC8F10 = {
						CreatedOnToolsVersion = 7.2.1;
					};
					89146E6A1C8A103100EC8F10 = {
						CreatedOnToolsVersion = 7.2.1;
						TestTargetID = 89146E5B1C8A103100EC8F10;
					};
				};
			};
			buildConfigurationList = 89146E571C8A103100EC8F10 /* Build configuration list for PBXProject "Phobos" */;
			compatibilityVersion = "Xcode 3.2";
			developmentRegion = English;
			hasScannedForEncodings = 0;
			knownRegions = (
				en,
				Base,
			);
			mainGroup = 89146E531C8A103100EC8F10;
			productRefGroup = 89146E5D1C8A103100EC8F10 /* Products */;
			projectDirPath = "";
			projectRoot = "";
			targets = (
				89146E5B1C8A103100EC8F10 /* Phobos */,
				89146E6A1C8A103100EC8F10 /* PhobosTests */,
			);
		};
/* End PBXProject section */

/* Begin PBXResourcesBuildPhase section */
		89146E5A1C8A103100EC8F10 /* Resources */ = {
			isa = PBXResourcesBuildPhase;
			buildActionMask = 2147483647;
			files = (
			);
			runOnlyForDeploymentPostprocessing = 0;
		};
		89146E691C8A103100EC8F10 /* Resources */ = {
			isa = PBXResourcesBuildPhase;
			buildActionMask = 2147483647;
			files = (
			);
			runOnlyForDeploymentPostprocessing = 0;
		};
/* End PBXResourcesBuildPhase section */

/* Begin PBXShellScriptBuildPhase section */
		8963B5231C8A62960061F68E /* Build CFirmata */ = {
			isa = PBXShellScriptBuildPhase;
			buildActionMask = 2147483647;
			files = (
			);
			inputPaths = (
			);
			name = "Build CFirmata";
			outputPaths = (
			);
			runOnlyForDeploymentPostprocessing = 0;
			shellPath = /bin/sh;
			shellScript = "cd ${PROJECT_DIR}/Packages/CFirmata-*/\nmake static";
		};
/* End PBXShellScriptBuildPhase section */

/* Begin PBXSourcesBuildPhase section */
		89146E581C8A103100EC8F10 /* Sources */ = {
			isa = PBXSourcesBuildPhase;
			buildActionMask = 2147483647;
			files = (
				89146E7D1C8A114E00EC8F10 /* main.swift in Sources */,
				89146E7C1C8A114E00EC8F10 /* Driver.swift in Sources */,
				8963B50D1C8A15110061F68E /* Math.swift in Sources */,
				8963B5191C8A26C70061F68E /* Firmata.swift in Sources */,
				8963B5131C8A18A20061F68E /* Types.swift in Sources */,
			);
			runOnlyForDeploymentPostprocessing = 0;
		};
		89146E671C8A103100EC8F10 /* Sources */ = {
			isa = PBXSourcesBuildPhase;
			buildActionMask = 2147483647;
			files = (
				8963B5111C8A17A50061F68E /* MathSpec.swift in Sources */,
				89146E7F1C8A115900EC8F10 /* DriverSpec.swift in Sources */,
				8963B5091C8A13240061F68E /* FakeFirmata.swift in Sources */,
			);
			runOnlyForDeploymentPostprocessing = 0;
		};
/* End PBXSourcesBuildPhase section */

/* Begin PBXTargetDependency section */
		89146E6D1C8A103100EC8F10 /* PBXTargetDependency */ = {
			isa = PBXTargetDependency;
			target = 89146E5B1C8A103100EC8F10 /* Phobos */;
			targetProxy = 89146E6C1C8A103100EC8F10 /* PBXContainerItemProxy */;
		};
/* End PBXTargetDependency section */

/* Begin XCBuildConfiguration section */
		89146E721C8A103100EC8F10 /* Debug */ = {
			isa = XCBuildConfiguration;
			buildSettings = {
				ALWAYS_SEARCH_USER_PATHS = NO;
				CLANG_CXX_LANGUAGE_STANDARD = "gnu++0x";
				CLANG_CXX_LIBRARY = "libc++";
				CLANG_ENABLE_MODULES = YES;
				CLANG_ENABLE_OBJC_ARC = YES;
				CLANG_WARN_BOOL_CONVERSION = YES;
				CLANG_WARN_CONSTANT_CONVERSION = YES;
				CLANG_WARN_DIRECT_OBJC_ISA_USAGE = YES_ERROR;
				CLANG_WARN_EMPTY_BODY = YES;
				CLANG_WARN_ENUM_CONVERSION = YES;
				CLANG_WARN_INT_CONVERSION = YES;
				CLANG_WARN_OBJC_ROOT_CLASS = YES_ERROR;
				CLANG_WARN_UNREACHABLE_CODE = YES;
				CLANG_WARN__DUPLICATE_METHOD_MATCH = YES;
				CODE_SIGN_IDENTITY = "-";
				COPY_PHASE_STRIP = NO;
				DEBUG_INFORMATION_FORMAT = dwarf;
				ENABLE_STRICT_OBJC_MSGSEND = YES;
				ENABLE_TESTABILITY = YES;
				GCC_C_LANGUAGE_STANDARD = gnu99;
				GCC_DYNAMIC_NO_PIC = NO;
				GCC_NO_COMMON_BLOCKS = YES;
				GCC_OPTIMIZATION_LEVEL = 0;
				GCC_PREPROCESSOR_DEFINITIONS = (
					"DEBUG=1",
					"$(inherited)",
				);
				GCC_WARN_64_TO_32_BIT_CONVERSION = YES;
				GCC_WARN_ABOUT_RETURN_TYPE = YES_ERROR;
				GCC_WARN_UNDECLARED_SELECTOR = YES;
				GCC_WARN_UNINITIALIZED_AUTOS = YES_AGGRESSIVE;
				GCC_WARN_UNUSED_FUNCTION = YES;
				GCC_WARN_UNUSED_VARIABLE = YES;
				MACOSX_DEPLOYMENT_TARGET = 10.11;
				MTL_ENABLE_DEBUG_INFO = YES;
				ONLY_ACTIVE_ARCH = YES;
				SDKROOT = macosx;
				SWIFT_OPTIMIZATION_LEVEL = "-Onone";
			};
			name = Debug;
		};
		89146E731C8A103100EC8F10 /* Release */ = {
			isa = XCBuildConfiguration;
			buildSettings = {
				ALWAYS_SEARCH_USER_PATHS = NO;
				CLANG_CXX_LANGUAGE_STANDARD = "gnu++0x";
				CLANG_CXX_LIBRARY = "libc++";
				CLANG_ENABLE_MODULES = YES;
				CLANG_ENABLE_OBJC_ARC = YES;
				CLANG_WARN_BOOL_CONVERSION = YES;
				CLANG_WARN_CONSTANT_CONVERSION = YES;
				CLANG_WARN_DIRECT_OBJC_ISA_USAGE = YES_ERROR;
				CLANG_WARN_EMPTY_BODY = YES;
				CLANG_WARN_ENUM_CONVERSION = YES;
				CLANG_WARN_INT_CONVERSION = YES;
				CLANG_WARN_OBJC_ROOT_CLASS = YES_ERROR;
				CLANG_WARN_UNREACHABLE_CODE = YES;
				CLANG_WARN__DUPLICATE_METHOD_MATCH = YES;
				CODE_SIGN_IDENTITY = "-";
				COPY_PHASE_STRIP = NO;
				DEBUG_INFORMATION_FORMAT = "dwarf-with-dsym";
				ENABLE_NS_ASSERTIONS = NO;
				ENABLE_STRICT_OBJC_MSGSEND = YES;
				GCC_C_LANGUAGE_STANDARD = gnu99;
				GCC_NO_COMMON_BLOCKS = YES;
				GCC_WARN_64_TO_32_BIT_CONVERSION = YES;
				GCC_WARN_ABOUT_RETURN_TYPE = YES_ERROR;
				GCC_WARN_UNDECLARED_SELECTOR = YES;
				GCC_WARN_UNINITIALIZED_AUTOS = YES_AGGRESSIVE;
				GCC_WARN_UNUSED_FUNCTION = YES;
				GCC_WARN_UNUSED_VARIABLE = YES;
				MACOSX_DEPLOYMENT_TARGET = 10.11;
				MTL_ENABLE_DEBUG_INFO = NO;
				SDKROOT = macosx;
			};
			name = Release;
		};
		89146E751C8A103100EC8F10 /* Debug */ = {
			isa = XCBuildConfiguration;
			buildSettings = {
				ASSETCATALOG_COMPILER_APPICON_NAME = AppIcon;
				CLANG_ENABLE_MODULES = YES;
				COMBINE_HIDPI_IMAGES = YES;
				INFOPLIST_FILE = Sources/Info.plist;
				LD_RUNPATH_SEARCH_PATHS = "$(inherited) @executable_path/../Frameworks";
				LIBRARY_SEARCH_PATHS = (
					"$(inherited)",
					"$(PROJECT_DIR)/Packages/CFirmata-0.3.0",
				);
				PRODUCT_BUNDLE_IDENTIFIER = com.rachelbrindle.Phobos;
				PRODUCT_NAME = "$(TARGET_NAME)";
				SWIFT_INCLUDE_PATHS = "$(SRCROOT)/Packages/**";
				SWIFT_OPTIMIZATION_LEVEL = "-Onone";
			};
			name = Debug;
		};
		89146E761C8A103100EC8F10 /* Release */ = {
			isa = XCBuildConfiguration;
			buildSettings = {
				ASSETCATALOG_COMPILER_APPICON_NAME = AppIcon;
				CLANG_ENABLE_MODULES = YES;
				COMBINE_HIDPI_IMAGES = YES;
				INFOPLIST_FILE = Sources/Info.plist;
				LD_RUNPATH_SEARCH_PATHS = "$(inherited) @executable_path/../Frameworks";
				LIBRARY_SEARCH_PATHS = (
					"$(inherited)",
					"$(PROJECT_DIR)/Packages/CFirmata-0.3.0",
				);
				PRODUCT_BUNDLE_IDENTIFIER = com.rachelbrindle.Phobos;
				PRODUCT_NAME = "$(TARGET_NAME)";
				SWIFT_INCLUDE_PATHS = "$(SRCROOT)/Packages/**";
			};
			name = Release;
		};
		89146E781C8A103100EC8F10 /* Debug */ = {
			isa = XCBuildConfiguration;
			buildSettings = {
				BUNDLE_LOADER = "$(TEST_HOST)";
				CLANG_ENABLE_MODULES = YES;
				COMBINE_HIDPI_IMAGES = YES;
				FRAMEWORK_SEARCH_PATHS = (
					"$(inherited)",
					"$(PROJECT_DIR)/Carthage/Build/Mac",
				);
				INFOPLIST_FILE = Sources/Info.plist;
				LD_RUNPATH_SEARCH_PATHS = "$(inherited) @executable_path/../Frameworks @loader_path/../Frameworks";
				PRODUCT_BUNDLE_IDENTIFIER = com.rachelbrindle.PhobosTests;
				PRODUCT_NAME = "$(TARGET_NAME)";
				SWIFT_OPTIMIZATION_LEVEL = "-Onone";
				TEST_HOST = "$(BUILT_PRODUCTS_DIR)/Phobos.app/Contents/MacOS/Phobos";
			};
			name = Debug;
		};
		89146E791C8A103100EC8F10 /* Release */ = {
			isa = XCBuildConfiguration;
			buildSettings = {
				BUNDLE_LOADER = "$(TEST_HOST)";
				CLANG_ENABLE_MODULES = YES;
				COMBINE_HIDPI_IMAGES = YES;
				FRAMEWORK_SEARCH_PATHS = (
					"$(inherited)",
					"$(PROJECT_DIR)/Carthage/Build/Mac",
				);
				INFOPLIST_FILE = Sources/Info.plist;
				LD_RUNPATH_SEARCH_PATHS = "$(inherited) @executable_path/../Frameworks @loader_path/../Frameworks";
				PRODUCT_BUNDLE_IDENTIFIER = com.rachelbrindle.PhobosTests;
				PRODUCT_NAME = "$(TARGET_NAME)";
				TEST_HOST = "$(BUILT_PRODUCTS_DIR)/Phobos.app/Contents/MacOS/Phobos";
			};
			name = Release;
		};
/* End XCBuildConfiguration section */

/* Begin XCConfigurationList section */
		89146E571C8A103100EC8F10 /* Build configuration list for PBXProject "Phobos" */ = {
			isa = XCConfigurationList;
			buildConfigurations = (
				89146E721C8A103100EC8F10 /* Debug */,
				89146E731C8A103100EC8F10 /* Release */,
			);
			defaultConfigurationIsVisible = 0;
			defaultConfigurationName = Release;
		};
		89146E741C8A103100EC8F10 /* Build configuration list for PBXNativeTarget "Phobos" */ = {
			isa = XCConfigurationList;
			buildConfigurations = (
				89146E751C8A103100EC8F10 /* Debug */,
				89146E761C8A103100EC8F10 /* Release */,
			);
			defaultConfigurationIsVisible = 0;
			defaultConfigurationName = Release;
		};
		89146E771C8A103100EC8F10 /* Build configuration list for PBXNativeTarget "PhobosTests" */ = {
			isa = XCConfigurationList;
			buildConfigurations = (
				89146E781C8A103100EC8F10 /* Debug */,
				89146E791C8A103100EC8F10 /* Release */,
			);
			defaultConfigurationIsVisible = 0;
			defaultConfigurationName = Release;
		};
/* End XCConfigurationList section */
	};
	rootObject = 89146E541C8A103100EC8F10 /* Project object */;
}
